
Microsoft Visual Studio Solution File, Format Version 12.00
# Visual Studio Version 17
VisualStudioVersion = 17.0.31912.275
MinimumVisualStudioVersion = 10.0.40219.1
Project("{8BC9CEB8-8B4A-11D0-8D11-00A0C91BC942}") = "Num", "Num\Num.vcxproj", "{CD66F6A2-9CC0-49F6-B221-3229D17D24BB}"
EndProject
Global
	GlobalSection(SolutionConfigurationPlatforms) = preSolution
		Debug|x64 = Debug|x64
		Debug|x86 = Debug|x86
		Release|x64 = Release|x64
		Release|x86 = Release|x86
	EndGlobalSection
	GlobalSection(ProjectConfigurationPlatforms) = postSolution
		{CD66F6A2-9CC0-49F6-B221-3229D17D24BB}.Debug|x64.ActiveCfg = Debug|x64
		{CD66F6A2-9CC0-49F6-B221-3229D17D24BB}.Debug|x64.Build.0 = Debug|x64
		{CD66F6A2-9CC0-49F6-B221-3229D17D24BB}.Debug|x86.ActiveCfg = Debug|Win32
		{CD66F6A2-9CC0-49F6-B221-3229D17D24BB}.Debug|x86.Build.0 = Debug|Win32
		{CD66F6A2-9CC0-49F6-B221-3229D17D24BB}.Release|x64.ActiveCfg = Release|x64
		{CD66F6A2-9CC0-49F6-B221-3229D17D24BB}.Release|x64.Build.0 = Release|x64
		{CD66F6A2-9CC0-49F6-B221-3229D17D24BB}.Release|x86.ActiveCfg = Release|Win32
		{CD66F6A2-9CC0-49F6-B221-3229D17D24BB}.Release|x86.Build.0 = Release|Win32
	EndGlobalSection
	GlobalSection(SolutionProperties) = preSolution
		HideSolutionNode = FALSE
	EndGlobalSection
	GlobalSection(ExtensibilityGlobals) = postSolution
		SolutionGuid = {CABE9033-E52C-4C43-995C-772620E34C56}
	EndGlobalSection
EndGlobal
